{
  "lockfileVersion": 1,
  "dependencies": {
    "angular-utils-pagination": {
      "version": "0.11.1",
      "resolved": "https://registry.npmjs.org/angular-utils-pagination/-/angular-utils-pagination-0.11.1.tgz",
      "integrity": "sha1-7618iHm+swrT13cH+T49DvUfLGY="
    },
    "pagination-directive": {
      "version": "0.0.0",
      "resolved": "https://registry.npmjs.org/pagination-directive/-/pagination-directive-0.0.0.tgz",
      "integrity": "sha1-L8A7aaDpnSe8OU0L8ij2zDuk6s0="
    }
  }
}
